
Microsoft Visual Studio Solution File, Format Version 12.00
# Visual Studio Version 17
VisualStudioVersion = 17.9.34728.123
MinimumVisualStudioVersion = 10.0.40219.1
Project("{9A19103F-16F7-4668-BE54-9A1E7A4F7556}") = "Unicam.Progetto.Libreria.Test", "Unicam.Progetto.Libreria.Test\Unicam.Progetto.Libreria.Test.csproj", "{9A7A00ED-14BE-45C0-9328-F6E2FF895C3B}"
EndProject
Project("{9A19103F-16F7-4668-BE54-9A1E7A4F7556}") = "Unicam.Progetto.Libreria.Abstractions", "Unicam.Progetto.Libreria.Abstractions\Unicam.Progetto.Libreria.Abstractions.csproj", "{21A11741-C51E-41E9-A5F7-55E4C450C5B8}"
EndProject
Project("{9A19103F-16F7-4668-BE54-9A1E7A4F7556}") = "Unicam.Progetto.Libreria.Models", "Unicam.Progetto.Libreria.Models\Unicam.Progetto.Libreria.Models.csproj", "{4FD37637-7202-457C-B40C-5413DB106FAE}"
EndProject
Project("{FAE04EC0-301F-11D3-BF4B-00C04F79EFBC}") = "Unicam.Progetto.Libreria.Web", "Unicam.Progetto.Libreria.Web\Unicam.Progetto.Libreria.Web.csproj", "{ABE33F5A-0A61-4ECE-A903-ECEF2AA4C382}"
EndProject
Global
	GlobalSection(SolutionConfigurationPlatforms) = preSolution
		Debug|Any CPU = Debug|Any CPU
		Release|Any CPU = Release|Any CPU
	EndGlobalSection
	GlobalSection(ProjectConfigurationPlatforms) = postSolution
		{9A7A00ED-14BE-45C0-9328-F6E2FF895C3B}.Debug|Any CPU.ActiveCfg = Debug|Any CPU
		{9A7A00ED-14BE-45C0-9328-F6E2FF895C3B}.Debug|Any CPU.Build.0 = Debug|Any CPU
		{9A7A00ED-14BE-45C0-9328-F6E2FF895C3B}.Release|Any CPU.ActiveCfg = Release|Any CPU
		{9A7A00ED-14BE-45C0-9328-F6E2FF895C3B}.Release|Any CPU.Build.0 = Release|Any CPU
		{21A11741-C51E-41E9-A5F7-55E4C450C5B8}.Debug|Any CPU.ActiveCfg = Debug|Any CPU
		{21A11741-C51E-41E9-A5F7-55E4C450C5B8}.Debug|Any CPU.Build.0 = Debug|Any CPU
		{21A11741-C51E-41E9-A5F7-55E4C450C5B8}.Release|Any CPU.ActiveCfg = Release|Any CPU
		{21A11741-C51E-41E9-A5F7-55E4C450C5B8}.Release|Any CPU.Build.0 = Release|Any CPU
		{4FD37637-7202-457C-B40C-5413DB106FAE}.Debug|Any CPU.ActiveCfg = Debug|Any CPU
		{4FD37637-7202-457C-B40C-5413DB106FAE}.Debug|Any CPU.Build.0 = Debug|Any CPU
		{4FD37637-7202-457C-B40C-5413DB106FAE}.Release|Any CPU.ActiveCfg = Release|Any CPU
		{4FD37637-7202-457C-B40C-5413DB106FAE}.Release|Any CPU.Build.0 = Release|Any CPU
		{ABE33F5A-0A61-4ECE-A903-ECEF2AA4C382}.Debug|Any CPU.ActiveCfg = Debug|Any CPU
		{ABE33F5A-0A61-4ECE-A903-ECEF2AA4C382}.Debug|Any CPU.Build.0 = Debug|Any CPU
		{ABE33F5A-0A61-4ECE-A903-ECEF2AA4C382}.Release|Any CPU.ActiveCfg = Release|Any CPU
		{ABE33F5A-0A61-4ECE-A903-ECEF2AA4C382}.Release|Any CPU.Build.0 = Release|Any CPU
	EndGlobalSection
	GlobalSection(SolutionProperties) = preSolution
		HideSolutionNode = FALSE
	EndGlobalSection
	GlobalSection(ExtensibilityGlobals) = postSolution
		SolutionGuid = {9658D661-BA06-4E62-898C-4C39FA3081CA}
	EndGlobalSection
EndGlobal
